// !$*UTF8*$!
{
	archiveVersion = 1;
	classes = {
	};
	objectVersion = 50;
	objects = {

/* Begin PBXBuildFile section */
		01B4DC33214E206400AD9C90 /* Assets.xcassets in Resources */ = {isa = PBXBuildFile; fileRef = 01B4DC32214E206400AD9C90 /* Assets.xcassets */; };
		01B4DC3F214E207800AD9C90 /* CoreLocation.framework in Frameworks */ = {isa = PBXBuildFile; fileRef = 01B4DC3E214E207800AD9C90 /* CoreLocation.framework */; };
		01B4DC41214E20BC00AD9C90 /* LoactionManager.swift in Sources */ = {isa = PBXBuildFile; fileRef = 01B4DC40214E20BC00AD9C90 /* LoactionManager.swift */; };
		C0C1A2472906AB0B009F149C /* MainApp.swift in Sources */ = {isa = PBXBuildFile; fileRef = C0C1A2462906AB0B009F149C /* MainApp.swift */; };
		C0C1A2492906AB76009F149C /* ContentView.swift in Sources */ = {isa = PBXBuildFile; fileRef = C0C1A2482906AB76009F149C /* ContentView.swift */; };
		C0C1A24E2906AD49009F149C /* PointerView.swift in Sources */ = {isa = PBXBuildFile; fileRef = C0C1A24D2906AD49009F149C /* PointerView.swift */; };
		C0C1A2502906B53A009F149C /* PointerViewModel.swift in Sources */ = {isa = PBXBuildFile; fileRef = C0C1A24F2906B53A009F149C /* PointerViewModel.swift */; };
		C0C1A25429093863009F149C /* Color+Extension.swift in Sources */ = {isa = PBXBuildFile; fileRef = C0C1A25329093863009F149C /* Color+Extension.swift */; };
/* End PBXBuildFile section */

/* Begin PBXFileReference section */
		01B4DC28214E206300AD9C90 /* JCompass.app */ = {isa = PBXFileReference; explicitFileType = wrapper.application; includeInIndex = 0; path = JCompass.app; sourceTree = BUILT_PRODUCTS_DIR; };
		01B4DC32214E206400AD9C90 /* Assets.xcassets */ = {isa = PBXFileReference; lastKnownFileType = folder.assetcatalog; path = Assets.xcassets; sourceTree = "<group>"; };
		01B4DC37214E206400AD9C90 /* Info.plist */ = {isa = PBXFileReference; lastKnownFileType = text.plist.xml; path = Info.plist; sourceTree = "<group>"; };
		01B4DC3E214E207800AD9C90 /* CoreLocation.framework */ = {isa = PBXFileReference; lastKnownFileType = wrapper.framework; name = CoreLocation.framework; path = System/Library/Frameworks/CoreLocation.framework; sourceTree = SDKROOT; };
		01B4DC40214E20BC00AD9C90 /* LoactionManager.swift */ = {isa = PBXFileReference; lastKnownFileType = sourcecode.swift; path = LoactionManager.swift; sourceTree = "<group>"; };
		C0C1A2462906AB0B009F149C /* MainApp.swift */ = {isa = PBXFileReference; lastKnownFileType = sourcecode.swift; path = MainApp.swift; sourceTree = "<group>"; };
		C0C1A2482906AB76009F149C /* ContentView.swift */ = {isa = PBXFileReference; lastKnownFileType = sourcecode.swift; path = ContentView.swift; sourceTree = "<group>"; };
		C0C1A24D2906AD49009F149C /* PointerView.swift */ = {isa = PBXFileReference; lastKnownFileType = sourcecode.swift; path = PointerView.swift; sourceTree = "<group>"; };
		C0C1A24F2906B53A009F149C /* PointerViewModel.swift */ = {isa = PBXFileReference; lastKnownFileType = sourcecode.swift; path = PointerViewModel.swift; sourceTree = "<group>"; };
		C0C1A25329093863009F149C /* Color+Extension.swift */ = {isa = PBXFileReference; lastKnownFileType = sourcecode.swift; path = "Color+Extension.swift"; sourceTree = "<group>"; };
/* End PBXFileReference section */

/* Begin PBXFrameworksBuildPhase section */
		01B4DC25214E206200AD9C90 /* Frameworks */ = {
			isa = PBXFrameworksBuildPhase;
			buildActionMask = 2147483647;
			files = (
				01B4DC3F214E207800AD9C90 /* CoreLocation.framework in Frameworks */,
			);
			runOnlyForDeploymentPostprocessing = 0;
		};
/* End PBXFrameworksBuildPhase section */

/* Begin PBXGroup section */
		01B4DC1F214E206200AD9C90 = {
			isa = PBXGroup;
			children = (
				01B4DC2A214E206300AD9C90 /* JCompass */,
				01B4DC29214E206300AD9C90 /* Products */,
				01B4DC3D214E207800AD9C90 /* Frameworks */,
			);
			sourceTree = "<group>";
		};
		01B4DC29214E206300AD9C90 /* Products */ = {
			isa = PBXGroup;
			children = (
				01B4DC28214E206300AD9C90 /* JCompass.app */,
			);
			name = Products;
			sourceTree = "<group>";
		};
		01B4DC2A214E206300AD9C90 /* JCompass */ = {
			isa = PBXGroup;
			children = (
				C0C1A25229093843009F149C /* App */,
				C0C1A24C2906AD25009F149C /* PointerView */,
				C0C1A24B2906AC55009F149C /* Localtion */,
				C0C1A2512909382B009F149C /* Shared */,
			);
			path = JCompass;
			sourceTree = "<group>";
		};
		01B4DC3D214E207800AD9C90 /* Frameworks */ = {
			isa = PBXGroup;
			children = (
				01B4DC3E214E207800AD9C90 /* CoreLocation.framework */,
			);
			name = Frameworks;
			sourceTree = "<group>";
		};
		C0C1A24B2906AC55009F149C /* Localtion */ = {
			isa = PBXGroup;
			children = (
				01B4DC40214E20BC00AD9C90 /* LoactionManager.swift */,
			);
			path = Localtion;
			sourceTree = "<group>";
		};
		C0C1A24C2906AD25009F149C /* PointerView */ = {
			isa = PBXGroup;
			children = (
				C0C1A24D2906AD49009F149C /* PointerView.swift */,
				C0C1A24F2906B53A009F149C /* PointerViewModel.swift */,
			);
			path = PointerView;
			sourceTree = "<group>";
		};
		C0C1A2512909382B009F149C /* Shared */ = {
			isa = PBXGroup;
			children = (
				01B4DC32214E206400AD9C90 /* Assets.xcassets */,
				C0C1A25329093863009F149C /* Color+Extension.swift */,
			);
			path = Shared;
			sourceTree = "<group>";
		};
		C0C1A25229093843009F149C /* App */ = {
			isa = PBXGroup;
			children = (
				C0C1A2462906AB0B009F149C /* MainApp.swift */,
				C0C1A2482906AB76009F149C /* ContentView.swift */,
				01B4DC37214E206400AD9C90 /* Info.plist */,
			);
			path = App;
			sourceTree = "<group>";
		};
/* End PBXGroup section */

/* Begin PBXNativeTarget section */
		01B4DC27214E206200AD9C90 /* JCompass */ = {
			isa = PBXNativeTarget;
			buildConfigurationList = 01B4DC3A214E206400AD9C90 /* Build configuration list for PBXNativeTarget "JCompass" */;
			buildPhases = (
				01B4DC24214E206200AD9C90 /* Sources */,
				01B4DC25214E206200AD9C90 /* Frameworks */,
				01B4DC26214E206200AD9C90 /* Resources */,
			);
			buildRules = (
			);
			dependencies = (
			);
			name = JCompass;
			productName = JCompass;
			productReference = 01B4DC28214E206300AD9C90 /* JCompass.app */;
			productType = "com.apple.product-type.application";
		};
/* End PBXNativeTarget section */

/* Begin PBXProject section */
		01B4DC20214E206200AD9C90 /* Project object */ = {
			isa = PBXProject;
			attributes = {
				LastSwiftUpdateCheck = 1000;
				LastUpgradeCheck = 1400;
				ORGANIZATIONNAME = Gutte;
				TargetAttributes = {
					01B4DC27214E206200AD9C90 = {
						CreatedOnToolsVersion = 10.0;
						LastSwiftMigration = "";
					};
				};
			};
			buildConfigurationList = 01B4DC23214E206200AD9C90 /* Build configuration list for PBXProject "JCompass" */;
			compatibilityVersion = "Xcode 9.3";
			developmentRegion = en;
			hasScannedForEncodings = 0;
			knownRegions = (
				en,
				Base,
			);
			mainGroup = 01B4DC1F214E206200AD9C90;
			productRefGroup = 01B4DC29214E206300AD9C90 /* Products */;
			projectDirPath = "";
			projectRoot = "";
			targets = (
				01B4DC27214E206200AD9C90 /* JCompass */,
			);
		};
/* End PBXProject section */

/* Begin PBXResourcesBuildPhase section */
		01B4DC26214E206200AD9C90 /* Resources */ = {
			isa = PBXResourcesBuildPhase;
			buildActionMask = 2147483647;
			files = (
				01B4DC33214E206400AD9C90 /* Assets.xcassets in Resources */,
			);
			runOnlyForDeploymentPostprocessing = 0;
		};
/* End PBXResourcesBuildPhase section */

/* Begin PBXSourcesBuildPhase section */
		01B4DC24214E206200AD9C90 /* Sources */ = {
			isa = PBXSourcesBuildPhase;
			buildActionMask = 2147483647;
			files = (
				C0C1A2502906B53A009F149C /* PointerViewModel.swift in Sources */,
				C0C1A25429093863009F149C /* Color+Extension.swift in Sources */,
				C0C1A2492906AB76009F149C /* ContentView.swift in Sources */,
				01B4DC41214E20BC00AD9C90 /* LoactionManager.swift in Sources */,
				C0C1A24E2906AD49009F149C /* PointerView.swift in Sources */,
				C0C1A2472906AB0B009F149C /* MainApp.swift in Sources */,
			);
			runOnlyForDeploymentPostprocessing = 0;
		};
/* End PBXSourcesBuildPhase section */

/* Begin XCBuildConfiguration section */
		01B4DC38214E206400AD9C90 /* Debug */ = {
			isa = XCBuildConfiguration;
			buildSettings = {
				ALWAYS_SEARCH_USER_PATHS = NO;
				CLANG_ANALYZER_NONNULL = YES;
				CLANG_ANALYZER_NUMBER_OBJECT_CONVERSION = YES_AGGRESSIVE;
				CLANG_CXX_LANGUAGE_STANDARD = "gnu++14";
				CLANG_CXX_LIBRARY = "libc++";
				CLANG_ENABLE_MODULES = YES;
				CLANG_ENABLE_OBJC_ARC = YES;
				CLANG_ENABLE_OBJC_WEAK = YES;
				CLANG_WARN_BLOCK_CAPTURE_AUTORELEASING = YES;
				CLANG_WARN_BOOL_CONVERSION = YES;
				CLANG_WARN_COMMA = YES;
				CLANG_WARN_CONSTANT_CONVERSION = YES;
				CLANG_WARN_DEPRECATED_OBJC_IMPLEMENTATIONS = YES;
				CLANG_WARN_DIRECT_OBJC_ISA_USAGE = YES_ERROR;
				CLANG_WARN_DOCUMENTATION_COMMENTS = YES;
				CLANG_WARN_EMPTY_BODY = YES;
				CLANG_WARN_ENUM_CONVERSION = YES;
				CLANG_WARN_INFINITE_RECURSION = YES;
				CLANG_WARN_INT_CONVERSION = YES;
				CLANG_WARN_NON_LITERAL_NULL_CONVERSION = YES;
				CLANG_WARN_OBJC_IMPLICIT_RETAIN_SELF = YES;
				CLANG_WARN_OBJC_LITERAL_CONVERSION = YES;
				CLANG_WARN_OBJC_ROOT_CLASS = YES_ERROR;
				CLANG_WARN_QUOTED_INCLUDE_IN_FRAMEWORK_HEADER = YES;
				CLANG_WARN_RANGE_LOOP_ANALYSIS = YES;
				CLANG_WARN_STRICT_PROTOTYPES = YES;
				CLANG_WARN_SUSPICIOUS_MOVE = YES;
				CLANG_WARN_UNGUARDED_AVAILABILITY = YES_AGGRESSIVE;
				CLANG_WARN_UNREACHABLE_CODE = YES;
				CLANG_WARN__DUPLICATE_METHOD_MATCH = YES;
				CODE_SIGN_IDENTITY = "iPhone Developer";
				COPY_PHASE_STRIP = NO;
				DEBUG_INFORMATION_FORMAT = dwarf;
				ENABLE_STRICT_OBJC_MSGSEND = YES;
				ENABLE_TESTABILITY = YES;
				GCC_C_LANGUAGE_STANDARD = gnu11;
				GCC_DYNAMIC_NO_PIC = NO;
				GCC_NO_COMMON_BLOCKS = YES;
				GCC_OPTIMIZATION_LEVEL = 0;
				GCC_PREPROCESSOR_DEFINITIONS = (
					"DEBUG=1",
					"$(inherited)",
				);
				GCC_WARN_64_TO_32_BIT_CONVERSION = YES;
				GCC_WARN_ABOUT_RETURN_TYPE = YES_ERROR;
				GCC_WARN_UNDECLARED_SELECTOR = YES;
				GCC_WARN_UNINITIALIZED_AUTOS = YES_AGGRESSIVE;
				GCC_WARN_UNUSED_FUNCTION = YES;
				GCC_WARN_UNUSED_VARIABLE = YES;
				IPHONEOS_DEPLOYMENT_TARGET = 16.0;
				MTL_ENABLE_DEBUG_INFO = INCLUDE_SOURCE;
				MTL_FAST_MATH = YES;
				ONLY_ACTIVE_ARCH = YES;
				SDKROOT = iphoneos;
				SWIFT_ACTIVE_COMPILATION_CONDITIONS = DEBUG;
				SWIFT_OPTIMIZATION_LEVEL = "-Onone";
			};
			name = Debug;
		};
		01B4DC39214E206400AD9C90 /* Release */ = {
			isa = XCBuildConfiguration;
			buildSettings = {
				ALWAYS_SEARCH_USER_PATHS = NO;
				CLANG_ANALYZER_NONNULL = YES;
				CLANG_ANALYZER_NUMBER_OBJECT_CONVERSION = YES_AGGRESSIVE;
				CLANG_CXX_LANGUAGE_STANDARD = "gnu++14";
				CLANG_CXX_LIBRARY = "libc++";
				CLANG_ENABLE_MODULES = YES;
				CLANG_ENABLE_OBJC_ARC = YES;
				CLANG_ENABLE_OBJC_WEAK = YES;
				CLANG_WARN_BLOCK_CAPTURE_AUTORELEASING = YES;
				CLANG_WARN_BOOL_CONVERSION = YES;
				CLANG_WARN_COMMA = YES;
				CLANG_WARN_CONSTANT_CONVERSION = YES;
				CLANG_WARN_DEPRECATED_OBJC_IMPLEMENTATIONS = YES;
				CLANG_WARN_DIRECT_OBJC_ISA_USAGE = YES_ERROR;
				CLANG_WARN_DOCUMENTATION_COMMENTS = YES;
				CLANG_WARN_EMPTY_BODY = YES;
				CLANG_WARN_ENUM_CONVERSION = YES;
				CLANG_WARN_INFINITE_RECURSION = YES;
				CLANG_WARN_INT_CONVERSION = YES;
				CLANG_WARN_NON_LITERAL_NULL_CONVERSION = YES;
				CLANG_WARN_OBJC_IMPLICIT_RETAIN_SELF = YES;
				CLANG_WARN_OBJC_LITERAL_CONVERSION = YES;
				CLANG_WARN_OBJC_ROOT_CLASS = YES_ERROR;
				CLANG_WARN_QUOTED_INCLUDE_IN_FRAMEWORK_HEADER = YES;
				CLANG_WARN_RANGE_LOOP_ANALYSIS = YES;
				CLANG_WARN_STRICT_PROTOTYPES = YES;
				CLANG_WARN_SUSPICIOUS_MOVE = YES;
				CLANG_WARN_UNGUARDED_AVAILABILITY = YES_AGGRESSIVE;
				CLANG_WARN_UNREACHABLE_CODE = YES;
				CLANG_WARN__DUPLICATE_METHOD_MATCH = YES;
				CODE_SIGN_IDENTITY = "iPhone Developer";
				COPY_PHASE_STRIP = NO;
				DEBUG_INFORMATION_FORMAT = "dwarf-with-dsym";
				ENABLE_NS_ASSERTIONS = NO;
				ENABLE_STRICT_OBJC_MSGSEND = YES;
				GCC_C_LANGUAGE_STANDARD = gnu11;
				GCC_NO_COMMON_BLOCKS = YES;
				GCC_WARN_64_TO_32_BIT_CONVERSION = YES;
				GCC_WARN_ABOUT_RETURN_TYPE = YES_ERROR;
				GCC_WARN_UNDECLARED_SELECTOR = YES;
				GCC_WARN_UNINITIALIZED_AUTOS = YES_AGGRESSIVE;
				GCC_WARN_UNUSED_FUNCTION = YES;
				GCC_WARN_UNUSED_VARIABLE = YES;
				IPHONEOS_DEPLOYMENT_TARGET = 16.0;
				MTL_ENABLE_DEBUG_INFO = NO;
				MTL_FAST_MATH = YES;
				SDKROOT = iphoneos;
				SWIFT_COMPILATION_MODE = wholemodule;
				SWIFT_OPTIMIZATION_LEVEL = "-O";
				VALIDATE_PRODUCT = YES;
			};
			name = Release;
		};
		01B4DC3B214E206400AD9C90 /* Debug */ = {
			isa = XCBuildConfiguration;
			buildSettings = {
				ASSETCATALOG_COMPILER_APPICON_NAME = AppIcon;
				CODE_SIGN_STYLE = Automatic;
				DEVELOPMENT_TEAM = 48D8W284YY;
				INFOPLIST_FILE = JCompass/App/Info.plist;
				INFOPLIST_KEY_LSApplicationCategoryType = "public.app-category.navigation";
				IPHONEOS_DEPLOYMENT_TARGET = 16.0;
				LD_RUNPATH_SEARCH_PATHS = (
					"$(inherited)",
					"@executable_path/Frameworks",
				);
				PRODUCT_BUNDLE_IDENTIFIER = com.gutte.JCompass;
				PRODUCT_NAME = "$(TARGET_NAME)";
				SUPPORTED_PLATFORMS = "iphoneos iphonesimulator";
				SUPPORTS_MACCATALYST = NO;
				SUPPORTS_MAC_DESIGNED_FOR_IPHONE_IPAD = NO;
				SWIFT_VERSION = 5.0;
				TARGETED_DEVICE_FAMILY = "1,2";
			};
			name = Debug;
		};
		01B4DC3C214E206400AD9C90 /* Release */ = {
			isa = XCBuildConfiguration;
			buildSettings = {
				ASSETCATALOG_COMPILER_APPICON_NAME = AppIcon;
				CODE_SIGN_STYLE = Automatic;
				DEVELOPMENT_TEAM = 48D8W284YY;
				INFOPLIST_FILE = JCompass/App/Info.plist;
				INFOPLIST_KEY_LSApplicationCategoryType = "public.app-category.navigation";
				IPHONEOS_DEPLOYMENT_TARGET = 16.0;
				LD_RUNPATH_SEARCH_PATHS = (
					"$(inherited)",
					"@executable_path/Frameworks",
				);
				PRODUCT_BUNDLE_IDENTIFIER = com.gutte.JCompass;
				PRODUCT_NAME = "$(TARGET_NAME)";
				SUPPORTED_PLATFORMS = "iphoneos iphonesimulator";
				SUPPORTS_MACCATALYST = NO;
				SUPPORTS_MAC_DESIGNED_FOR_IPHONE_IPAD = NO;
				SWIFT_VERSION = 5.0;
				TARGETED_DEVICE_FAMILY = "1,2";
			};
			name = Release;
		};
/* End XCBuildConfiguration section */

/* Begin XCConfigurationList section */
		01B4DC23214E206200AD9C90 /* Build configuration list for PBXProject "JCompass" */ = {
			isa = XCConfigurationList;
			buildConfigurations = (
				01B4DC38214E206400AD9C90 /* Debug */,
				01B4DC39214E206400AD9C90 /* Release */,
			);
			defaultConfigurationIsVisible = 0;
			defaultConfigurationName = Release;
		};
		01B4DC3A214E206400AD9C90 /* Build configuration list for PBXNativeTarget "JCompass" */ = {
			isa = XCConfigurationList;
			buildConfigurations = (
				01B4DC3B214E206400AD9C90 /* Debug */,
				01B4DC3C214E206400AD9C90 /* Release */,
			);
			defaultConfigurationIsVisible = 0;
			defaultConfigurationName = Release;
		};
/* End XCConfigurationList section */
	};
	rootObject = 01B4DC20214E206200AD9C90 /* Project object */;
}
